
Microsoft Visual Studio Solution File, Format Version 12.00
# Visual Studio Version 17
VisualStudioVersion = 17.13.35825.156
MinimumVisualStudioVersion = 10.0.40219.1
Project("{FAE04EC0-301F-11D3-BF4B-00C04F79EFBC}") = "Labs.UI", "Labs.UI\Labs.UI.csproj", "{71EC03AD-3D99-9B04-2273-C41C5F0CE45D}"
EndProject
Project("{FAE04EC0-301F-11D3-BF4B-00C04F79EFBC}") = "Labs.Domain", "Labs.Domain\Labs.Domain.csproj", "{D59F159B-90A5-56FD-CD67-FAD30E8DEF93}"
EndProject
Project("{FAE04EC0-301F-11D3-BF4B-00C04F79EFBC}") = "Labs.API", "Labs.API\Labs.API.csproj", "{87DEE17D-8BCB-4224-B573-B4BE680D9901}"
EndProject
Global
	GlobalSection(SolutionConfigurationPlatforms) = preSolution
		Debug|Any CPU = Debug|Any CPU
		Release|Any CPU = Release|Any CPU
	EndGlobalSection
	GlobalSection(ProjectConfigurationPlatforms) = postSolution
		{71EC03AD-3D99-9B04-2273-C41C5F0CE45D}.Debug|Any CPU.ActiveCfg = Debug|Any CPU
		{71EC03AD-3D99-9B04-2273-C41C5F0CE45D}.Debug|Any CPU.Build.0 = Debug|Any CPU
		{71EC03AD-3D99-9B04-2273-C41C5F0CE45D}.Release|Any CPU.ActiveCfg = Release|Any CPU
		{71EC03AD-3D99-9B04-2273-C41C5F0CE45D}.Release|Any CPU.Build.0 = Release|Any CPU
		{D59F159B-90A5-56FD-CD67-FAD30E8DEF93}.Debug|Any CPU.ActiveCfg = Debug|Any CPU
		{D59F159B-90A5-56FD-CD67-FAD30E8DEF93}.Debug|Any CPU.Build.0 = Debug|Any CPU
		{D59F159B-90A5-56FD-CD67-FAD30E8DEF93}.Release|Any CPU.ActiveCfg = Release|Any CPU
		{D59F159B-90A5-56FD-CD67-FAD30E8DEF93}.Release|Any CPU.Build.0 = Release|Any CPU
		{87DEE17D-8BCB-4224-B573-B4BE680D9901}.Debug|Any CPU.ActiveCfg = Debug|Any CPU
		{87DEE17D-8BCB-4224-B573-B4BE680D9901}.Debug|Any CPU.Build.0 = Debug|Any CPU
		{87DEE17D-8BCB-4224-B573-B4BE680D9901}.Release|Any CPU.ActiveCfg = Release|Any CPU
		{87DEE17D-8BCB-4224-B573-B4BE680D9901}.Release|Any CPU.Build.0 = Release|Any CPU
	EndGlobalSection
	GlobalSection(SolutionProperties) = preSolution
		HideSolutionNode = FALSE
	EndGlobalSection
	GlobalSection(ExtensibilityGlobals) = postSolution
		SolutionGuid = {2EBDC612-3367-4EA9-B56E-EDAB95EF1B66}
	EndGlobalSection
EndGlobal
